
Microsoft Visual Studio Solution File, Format Version 12.00
# Visual Studio 15
VisualStudioVersion = 15.0.28010.2050
MinimumVisualStudioVersion = 10.0.40219.1
Project("{FAE04EC0-301F-11D3-BF4B-00C04F79EFBC}") = "ByteBank", "ByteBank\ByteBank.csproj", "{A6B78ADC-61D6-4A0B-BDA3-5BF5A4AE7DEF}"
EndProject
Global
	GlobalSection(SolutionConfigurationPlatforms) = preSolution
		Debug|Any CPU = Debug|Any CPU
		Release|Any CPU = Release|Any CPU
	EndGlobalSection
	GlobalSection(ProjectConfigurationPlatforms) = postSolution
		{A6B78ADC-61D6-4A0B-BDA3-5BF5A4AE7DEF}.Debug|Any CPU.ActiveCfg = Debug|Any CPU
		{A6B78ADC-61D6-4A0B-BDA3-5BF5A4AE7DEF}.Debug|Any CPU.Build.0 = Debug|Any CPU
		{A6B78ADC-61D6-4A0B-BDA3-5BF5A4AE7DEF}.Release|Any CPU.ActiveCfg = Release|Any CPU
		{A6B78ADC-61D6-4A0B-BDA3-5BF5A4AE7DEF}.Release|Any CPU.Build.0 = Release|Any CPU
	EndGlobalSection
	GlobalSection(SolutionProperties) = preSolution
		HideSolutionNode = FALSE
	EndGlobalSection
	GlobalSection(ExtensibilityGlobals) = postSolution
		SolutionGuid = {E1B0533F-2F24-43FD-99C2-6FA76C1F61BB}
	EndGlobalSection
EndGlobal
